// !$*UTF8*$!
{
	archiveVersion = 1;
	classes = {
	};
	objectVersion = 50;
	objects = {

/* Begin PBXBuildFile section */
		C159D03623F502D400325E54 /* AppDelegate.m in Sources */ = {isa = PBXBuildFile; fileRef = C159D03523F502D400325E54 /* AppDelegate.m */; };
		C159D03923F502D400325E54 /* SceneDelegate.m in Sources */ = {isa = PBXBuildFile; fileRef = C159D03823F502D400325E54 /* SceneDelegate.m */; };
		C159D03C23F502D400325E54 /* ViewController.m in Sources */ = {isa = PBXBuildFile; fileRef = C159D03B23F502D400325E54 /* ViewController.m */; };
		C159D03F23F502D400325E54 /* Main.storyboard in Resources */ = {isa = PBXBuildFile; fileRef = C159D03D23F502D400325E54 /* Main.storyboard */; };
		C159D04123F502D500325E54 /* Assets.xcassets in Resources */ = {isa = PBXBuildFile; fileRef = C159D04023F502D500325E54 /* Assets.xcassets */; };
		C159D04423F502D500325E54 /* LaunchScreen.storyboard in Resources */ = {isa = PBXBuildFile; fileRef = C159D04223F502D500325E54 /* LaunchScreen.storyboard */; };
		C159D04723F502D500325E54 /* main.m in Sources */ = {isa = PBXBuildFile; fileRef = C159D04623F502D500325E54 /* main.m */; };
		C159D05123F502D500325E54 /* MyFirstProjTests.m in Sources */ = {isa = PBXBuildFile; fileRef = C159D05023F502D500325E54 /* MyFirstProjTests.m */; };
		C159D05C23F502D500325E54 /* MyFirstProjUITests.m in Sources */ = {isa = PBXBuildFile; fileRef = C159D05B23F502D500325E54 /* MyFirstProjUITests.m */; };
/* End PBXBuildFile section */

/* Begin PBXContainerItemProxy section */
		C159D04D23F502D500325E54 /* PBXContainerItemProxy */ = {
			isa = PBXContainerItemProxy;
			containerPortal = C159D02923F502D400325E54 /* Project object */;
			proxyType = 1;
			remoteGlobalIDString = C159D03023F502D400325E54;
			remoteInfo = MyFirstProj;
		};
		C159D05823F502D500325E54 /* PBXContainerItemProxy */ = {
			isa = PBXContainerItemProxy;
			containerPortal = C159D02923F502D400325E54 /* Project object */;
			proxyType = 1;
			remoteGlobalIDString = C159D03023F502D400325E54;
			remoteInfo = MyFirstProj;
		};
/* End PBXContainerItemProxy section */

/* Begin PBXFileReference section */
		C159D03123F502D400325E54 /* MyFirstProj.app */ = {isa = PBXFileReference; explicitFileType = wrapper.application; includeInIndex = 0; path = MyFirstProj.app; sourceTree = BUILT_PRODUCTS_DIR; };
		C159D03423F502D400325E54 /* AppDelegate.h */ = {isa = PBXFileReference; lastKnownFileType = sourcecode.c.h; path = AppDelegate.h; sourceTree = "<group>"; };
		C159D03523F502D400325E54 /* AppDelegate.m */ = {isa = PBXFileReference; lastKnownFileType = sourcecode.c.objc; path = AppDelegate.m; sourceTree = "<group>"; };
		C159D03723F502D400325E54 /* SceneDelegate.h */ = {isa = PBXFileReference; lastKnownFileType = sourcecode.c.h; path = SceneDelegate.h; sourceTree = "<group>"; };
		C159D03823F502D400325E54 /* SceneDelegate.m */ = {isa = PBXFileReference; lastKnownFileType = sourcecode.c.objc; path = SceneDelegate.m; sourceTree = "<group>"; };
		C159D03A23F502D400325E54 /* ViewController.h */ = {isa = PBXFileReference; lastKnownFileType = sourcecode.c.h; path = ViewController.h; sourceTree = "<group>"; };
		C159D03B23F502D400325E54 /* ViewController.m */ = {isa = PBXFileReference; lastKnownFileType = sourcecode.c.objc; path = ViewController.m; sourceTree = "<group>"; };
		C159D03E23F502D400325E54 /* Base */ = {isa = PBXFileReference; lastKnownFileType = file.storyboard; name = Base; path = Base.lproj/Main.storyboard; sourceTree = "<group>"; };
		C159D04023F502D500325E54 /* Assets.xcassets */ = {isa = PBXFileReference; lastKnownFileType = folder.assetcatalog; path = Assets.xcassets; sourceTree = "<group>"; };
		C159D04323F502D500325E54 /* Base */ = {isa = PBXFileReference; lastKnownFileType = file.storyboard; name = Base; path = Base.lproj/LaunchScreen.storyboard; sourceTree = "<group>"; };
		C159D04523F502D500325E54 /* Info.plist */ = {isa = PBXFileReference; lastKnownFileType = text.plist.xml; path = Info.plist; sourceTree = "<group>"; };
		C159D04623F502D500325E54 /* main.m */ = {isa = PBXFileReference; lastKnownFileType = sourcecode.c.objc; path = main.m; sourceTree = "<group>"; };
		C159D04C23F502D500325E54 /* MyFirstProjTests.xctest */ = {isa = PBXFileReference; explicitFileType = wrapper.cfbundle; includeInIndex = 0; path = MyFirstProjTests.xctest; sourceTree = BUILT_PRODUCTS_DIR; };
		C159D05023F502D500325E54 /* MyFirstProjTests.m */ = {isa = PBXFileReference; lastKnownFileType = sourcecode.c.objc; path = MyFirstProjTests.m; sourceTree = "<group>"; };
		C159D05223F502D500325E54 /* Info.plist */ = {isa = PBXFileReference; lastKnownFileType = text.plist.xml; path = Info.plist; sourceTree = "<group>"; };
		C159D05723F502D500325E54 /* MyFirstProjUITests.xctest */ = {isa = PBXFileReference; explicitFileType = wrapper.cfbundle; includeInIndex = 0; path = MyFirstProjUITests.xctest; sourceTree = BUILT_PRODUCTS_DIR; };
		C159D05B23F502D500325E54 /* MyFirstProjUITests.m */ = {isa = PBXFileReference; lastKnownFileType = sourcecode.c.objc; path = MyFirstProjUITests.m; sourceTree = "<group>"; };
		C159D05D23F502D500325E54 /* Info.plist */ = {isa = PBXFileReference; lastKnownFileType = text.plist.xml; path = Info.plist; sourceTree = "<group>"; };
/* End PBXFileReference section */

/* Begin PBXFrameworksBuildPhase section */
		C159D02E23F502D400325E54 /* Frameworks */ = {
			isa = PBXFrameworksBuildPhase;
			buildActionMask = 2147483647;
			files = (
			);
			runOnlyForDeploymentPostprocessing = 0;
		};
		C159D04923F502D500325E54 /* Frameworks */ = {
			isa = PBXFrameworksBuildPhase;
			buildActionMask = 2147483647;
			files = (
			);
			runOnlyForDeploymentPostprocessing = 0;
		};
		C159D05423F502D500325E54 /* Frameworks */ = {
			isa = PBXFrameworksBuildPhase;
			buildActionMask = 2147483647;
			files = (
			);
			runOnlyForDeploymentPostprocessing = 0;
		};
/* End PBXFrameworksBuildPhase section */

/* Begin PBXGroup section */
		C159D02823F502D400325E54 = {
			isa = PBXGroup;
			children = (
				C159D03323F502D400325E54 /* MyFirstProj */,
				C159D04F23F502D500325E54 /* MyFirstProjTests */,
				C159D05A23F502D500325E54 /* MyFirstProjUITests */,
				C159D03223F502D400325E54 /* Products */,
			);
			sourceTree = "<group>";
		};
		C159D03223F502D400325E54 /* Products */ = {
			isa = PBXGroup;
			children = (
				C159D03123F502D400325E54 /* MyFirstProj.app */,
				C159D04C23F502D500325E54 /* MyFirstProjTests.xctest */,
				C159D05723F502D500325E54 /* MyFirstProjUITests.xctest */,
			);
			name = Products;
			sourceTree = "<group>";
		};
		C159D03323F502D400325E54 /* MyFirstProj */ = {
			isa = PBXGroup;
			children = (
				C159D03423F502D400325E54 /* AppDelegate.h */,
				C159D03523F502D400325E54 /* AppDelegate.m */,
				C159D03723F502D400325E54 /* SceneDelegate.h */,
				C159D03823F502D400325E54 /* SceneDelegate.m */,
				C159D03A23F502D400325E54 /* ViewController.h */,
				C159D03B23F502D400325E54 /* ViewController.m */,
				C159D03D23F502D400325E54 /* Main.storyboard */,
				C159D04023F502D500325E54 /* Assets.xcassets */,
				C159D04223F502D500325E54 /* LaunchScreen.storyboard */,
				C159D04523F502D500325E54 /* Info.plist */,
				C159D04623F502D500325E54 /* main.m */,
			);
			path = MyFirstProj;
			sourceTree = "<group>";
		};
		C159D04F23F502D500325E54 /* MyFirstProjTests */ = {
			isa = PBXGroup;
			children = (
				C159D05023F502D500325E54 /* MyFirstProjTests.m */,
				C159D05223F502D500325E54 /* Info.plist */,
			);
			path = MyFirstProjTests;
			sourceTree = "<group>";
		};
		C159D05A23F502D500325E54 /* MyFirstProjUITests */ = {
			isa = PBXGroup;
			children = (
				C159D05B23F502D500325E54 /* MyFirstProjUITests.m */,
				C159D05D23F502D500325E54 /* Info.plist */,
			);
			path = MyFirstProjUITests;
			sourceTree = "<group>";
		};
/* End PBXGroup section */

/* Begin PBXNativeTarget section */
		C159D03023F502D400325E54 /* MyFirstProj */ = {
			isa = PBXNativeTarget;
			buildConfigurationList = C159D06023F502D500325E54 /* Build configuration list for PBXNativeTarget "MyFirstProj" */;
			buildPhases = (
				C159D02D23F502D400325E54 /* Sources */,
				C159D02E23F502D400325E54 /* Frameworks */,
				C159D02F23F502D400325E54 /* Resources */,
			);
			buildRules = (
			);
			dependencies = (
			);
			name = MyFirstProj;
			productName = MyFirstProj;
			productReference = C159D03123F502D400325E54 /* MyFirstProj.app */;
			productType = "com.apple.product-type.application";
		};
		C159D04B23F502D500325E54 /* MyFirstProjTests */ = {
			isa = PBXNativeTarget;
			buildConfigurationList = C159D06323F502D500325E54 /* Build configuration list for PBXNativeTarget "MyFirstProjTests" */;
			buildPhases = (
				C159D04823F502D500325E54 /* Sources */,
				C159D04923F502D500325E54 /* Frameworks */,
				C159D04A23F502D500325E54 /* Resources */,
			);
			buildRules = (
			);
			dependencies = (
				C159D04E23F502D500325E54 /* PBXTargetDependency */,
			);
			name = MyFirstProjTests;
			productName = MyFirstProjTests;
			productReference = C159D04C23F502D500325E54 /* MyFirstProjTests.xctest */;
			productType = "com.apple.product-type.bundle.unit-test";
		};
		C159D05623F502D500325E54 /* MyFirstProjUITests */ = {
			isa = PBXNativeTarget;
			buildConfigurationList = C159D06623F502D500325E54 /* Build configuration list for PBXNativeTarget "MyFirstProjUITests" */;
			buildPhases = (
				C159D05323F502D500325E54 /* Sources */,
				C159D05423F502D500325E54 /* Frameworks */,
				C159D05523F502D500325E54 /* Resources */,
			);
			buildRules = (
			);
			dependencies = (
				C159D05923F502D500325E54 /* PBXTargetDependency */,
			);
			name = MyFirstProjUITests;
			productName = MyFirstProjUITests;
			productReference = C159D05723F502D500325E54 /* MyFirstProjUITests.xctest */;
			productType = "com.apple.product-type.bundle.ui-testing";
		};
/* End PBXNativeTarget section */

/* Begin PBXProject section */
		C159D02923F502D400325E54 /* Project object */ = {
			isa = PBXProject;
			attributes = {
				LastUpgradeCheck = 1100;
				ORGANIZATIONNAME = Gintong;
				TargetAttributes = {
					C159D03023F502D400325E54 = {
						CreatedOnToolsVersion = 11.0;
					};
					C159D04B23F502D500325E54 = {
						CreatedOnToolsVersion = 11.0;
						TestTargetID = C159D03023F502D400325E54;
					};
					C159D05623F502D500325E54 = {
						CreatedOnToolsVersion = 11.0;
						TestTargetID = C159D03023F502D400325E54;
					};
				};
			};
			buildConfigurationList = C159D02C23F502D400325E54 /* Build configuration list for PBXProject "MyFirstProj" */;
			compatibilityVersion = "Xcode 9.3";
			developmentRegion = en;
			hasScannedForEncodings = 0;
			knownRegions = (
				en,
				Base,
			);
			mainGroup = C159D02823F502D400325E54;
			productRefGroup = C159D03223F502D400325E54 /* Products */;
			projectDirPath = "";
			projectRoot = "";
			targets = (
				C159D03023F502D400325E54 /* MyFirstProj */,
				C159D04B23F502D500325E54 /* MyFirstProjTests */,
				C159D05623F502D500325E54 /* MyFirstProjUITests */,
			);
		};
/* End PBXProject section */

/* Begin PBXResourcesBuildPhase section */
		C159D02F23F502D400325E54 /* Resources */ = {
			isa = PBXResourcesBuildPhase;
			buildActionMask = 2147483647;
			files = (
				C159D04423F502D500325E54 /* LaunchScreen.storyboard in Resources */,
				C159D04123F502D500325E54 /* Assets.xcassets in Resources */,
				C159D03F23F502D400325E54 /* Main.storyboard in Resources */,
			);
			runOnlyForDeploymentPostprocessing = 0;
		};
		C159D04A23F502D500325E54 /* Resources */ = {
			isa = PBXResourcesBuildPhase;
			buildActionMask = 2147483647;
			files = (
			);
			runOnlyForDeploymentPostprocessing = 0;
		};
		C159D05523F502D500325E54 /* Resources */ = {
			isa = PBXResourcesBuildPhase;
			buildActionMask = 2147483647;
			files = (
			);
			runOnlyForDeploymentPostprocessing = 0;
		};
/* End PBXResourcesBuildPhase section */

/* Begin PBXSourcesBuildPhase section */
		C159D02D23F502D400325E54 /* Sources */ = {
			isa = PBXSourcesBuildPhase;
			buildActionMask = 2147483647;
			files = (
				C159D03C23F502D400325E54 /* ViewController.m in Sources */,
				C159D03623F502D400325E54 /* AppDelegate.m in Sources */,
				C159D04723F502D500325E54 /* main.m in Sources */,
				C159D03923F502D400325E54 /* SceneDelegate.m in Sources */,
			);
			runOnlyForDeploymentPostprocessing = 0;
		};
		C159D04823F502D500325E54 /* Sources */ = {
			isa = PBXSourcesBuildPhase;
			buildActionMask = 2147483647;
			files = (
				C159D05123F502D500325E54 /* MyFirstProjTests.m in Sources */,
			);
			runOnlyForDeploymentPostprocessing = 0;
		};
		C159D05323F502D500325E54 /* Sources */ = {
			isa = PBXSourcesBuildPhase;
			buildActionMask = 2147483647;
			files = (
				C159D05C23F502D500325E54 /* MyFirstProjUITests.m in Sources */,
			);
			runOnlyForDeploymentPostprocessing = 0;
		};
/* End PBXSourcesBuildPhase section */

/* Begin PBXTargetDependency section */
		C159D04E23F502D500325E54 /* PBXTargetDependency */ = {
			isa = PBXTargetDependency;
			target = C159D03023F502D400325E54 /* MyFirstProj */;
			targetProxy = C159D04D23F502D500325E54 /* PBXContainerItemProxy */;
		};
		C159D05923F502D500325E54 /* PBXTargetDependency */ = {
			isa = PBXTargetDependency;
			target = C159D03023F502D400325E54 /* MyFirstProj */;
			targetProxy = C159D05823F502D500325E54 /* PBXContainerItemProxy */;
		};
/* End PBXTargetDependency section */

/* Begin PBXVariantGroup section */
		C159D03D23F502D400325E54 /* Main.storyboard */ = {
			isa = PBXVariantGroup;
			children = (
				C159D03E23F502D400325E54 /* Base */,
			);
			name = Main.storyboard;
			sourceTree = "<group>";
		};
		C159D04223F502D500325E54 /* LaunchScreen.storyboard */ = {
			isa = PBXVariantGroup;
			children = (
				C159D04323F502D500325E54 /* Base */,
			);
			name = LaunchScreen.storyboard;
			sourceTree = "<group>";
		};
/* End PBXVariantGroup section */

/* Begin XCBuildConfiguration section */
		C159D05E23F502D500325E54 /* Debug */ = {
			isa = XCBuildConfiguration;
			buildSettings = {
				ALWAYS_SEARCH_USER_PATHS = NO;
				CLANG_ANALYZER_NONNULL = YES;
				CLANG_ANALYZER_NUMBER_OBJECT_CONVERSION = YES_AGGRESSIVE;
				CLANG_CXX_LANGUAGE_STANDARD = "gnu++14";
				CLANG_CXX_LIBRARY = "libc++";
				CLANG_ENABLE_MODULES = YES;
				CLANG_ENABLE_OBJC_ARC = YES;
				CLANG_ENABLE_OBJC_WEAK = YES;
				CLANG_WARN_BLOCK_CAPTURE_AUTORELEASING = YES;
				CLANG_WARN_BOOL_CONVERSION = YES;
				CLANG_WARN_COMMA = YES;
				CLANG_WARN_CONSTANT_CONVERSION = YES;
				CLANG_WARN_DEPRECATED_OBJC_IMPLEMENTATIONS = YES;
				CLANG_WARN_DIRECT_OBJC_ISA_USAGE = YES_ERROR;
				CLANG_WARN_DOCUMENTATION_COMMENTS = YES;
				CLANG_WARN_EMPTY_BODY = YES;
				CLANG_WARN_ENUM_CONVERSION = YES;
				CLANG_WARN_INFINITE_RECURSION = YES;
				CLANG_WARN_INT_CONVERSION = YES;
				CLANG_WARN_NON_LITERAL_NULL_CONVERSION = YES;
				CLANG_WARN_OBJC_IMPLICIT_RETAIN_SELF = YES;
				CLANG_WARN_OBJC_LITERAL_CONVERSION = YES;
				CLANG_WARN_OBJC_ROOT_CLASS = YES_ERROR;
				CLANG_WARN_RANGE_LOOP_ANALYSIS = YES;
				CLANG_WARN_STRICT_PROTOTYPES = YES;
				CLANG_WARN_SUSPICIOUS_MOVE = YES;
				CLANG_WARN_UNGUARDED_AVAILABILITY = YES_AGGRESSIVE;
				CLANG_WARN_UNREACHABLE_CODE = YES;
				CLANG_WARN__DUPLICATE_METHOD_MATCH = YES;
				COPY_PHASE_STRIP = NO;
				DEBUG_INFORMATION_FORMAT = dwarf;
				ENABLE_STRICT_OBJC_MSGSEND = YES;
				ENABLE_TESTABILITY = YES;
				GCC_C_LANGUAGE_STANDARD = gnu11;
				GCC_DYNAMIC_NO_PIC = NO;
				GCC_NO_COMMON_BLOCKS = YES;
				GCC_OPTIMIZATION_LEVEL = 0;
				GCC_PREPROCESSOR_DEFINITIONS = (
					"DEBUG=1",
					"$(inherited)",
				);
				GCC_WARN_64_TO_32_BIT_CONVERSION = YES;
				GCC_WARN_ABOUT_RETURN_TYPE = YES_ERROR;
				GCC_WARN_UNDECLARED_SELECTOR = YES;
				GCC_WARN_UNINITIALIZED_AUTOS = YES_AGGRESSIVE;
				GCC_WARN_UNUSED_FUNCTION = YES;
				GCC_WARN_UNUSED_VARIABLE = YES;
				IPHONEOS_DEPLOYMENT_TARGET = 13.0;
				MTL_ENABLE_DEBUG_INFO = INCLUDE_SOURCE;
				MTL_FAST_MATH = YES;
				ONLY_ACTIVE_ARCH = YES;
				SDKROOT = iphoneos;
			};
			name = Debug;
		};
		C159D05F23F502D500325E54 /* Release */ = {
			isa = XCBuildConfiguration;
			buildSettings = {
				ALWAYS_SEARCH_USER_PATHS = NO;
				CLANG_ANALYZER_NONNULL = YES;
				CLANG_ANALYZER_NUMBER_OBJECT_CONVERSION = YES_AGGRESSIVE;
				CLANG_CXX_LANGUAGE_STANDARD = "gnu++14";
				CLANG_CXX_LIBRARY = "libc++";
				CLANG_ENABLE_MODULES = YES;
				CLANG_ENABLE_OBJC_ARC = YES;
				CLANG_ENABLE_OBJC_WEAK = YES;
				CLANG_WARN_BLOCK_CAPTURE_AUTORELEASING = YES;
				CLANG_WARN_BOOL_CONVERSION = YES;
				CLANG_WARN_COMMA = YES;
				CLANG_WARN_CONSTANT_CONVERSION = YES;
				CLANG_WARN_DEPRECATED_OBJC_IMPLEMENTATIONS = YES;
				CLANG_WARN_DIRECT_OBJC_ISA_USAGE = YES_ERROR;
				CLANG_WARN_DOCUMENTATION_COMMENTS = YES;
				CLANG_WARN_EMPTY_BODY = YES;
				CLANG_WARN_ENUM_CONVERSION = YES;
				CLANG_WARN_INFINITE_RECURSION = YES;
				CLANG_WARN_INT_CONVERSION = YES;
				CLANG_WARN_NON_LITERAL_NULL_CONVERSION = YES;
				CLANG_WARN_OBJC_IMPLICIT_RETAIN_SELF = YES;
				CLANG_WARN_OBJC_LITERAL_CONVERSION = YES;
				CLANG_WARN_OBJC_ROOT_CLASS = YES_ERROR;
				CLANG_WARN_RANGE_LOOP_ANALYSIS = YES;
				CLANG_WARN_STRICT_PROTOTYPES = YES;
				CLANG_WARN_SUSPICIOUS_MOVE = YES;
				CLANG_WARN_UNGUARDED_AVAILABILITY = YES_AGGRESSIVE;
				CLANG_WARN_UNREACHABLE_CODE = YES;
				CLANG_WARN__DUPLICATE_METHOD_MATCH = YES;
				COPY_PHASE_STRIP = NO;
				DEBUG_INFORMATION_FORMAT = "dwarf-with-dsym";
				ENABLE_NS_ASSERTIONS = NO;
				ENABLE_STRICT_OBJC_MSGSEND = YES;
				GCC_C_LANGUAGE_STANDARD = gnu11;
				GCC_NO_COMMON_BLOCKS = YES;
				GCC_WARN_64_TO_32_BIT_CONVERSION = YES;
				GCC_WARN_ABOUT_RETURN_TYPE = YES_ERROR;
				GCC_WARN_UNDECLARED_SELECTOR = YES;
				GCC_WARN_UNINITIALIZED_AUTOS = YES_AGGRESSIVE;
				GCC_WARN_UNUSED_FUNCTION = YES;
				GCC_WARN_UNUSED_VARIABLE = YES;
				IPHONEOS_DEPLOYMENT_TARGET = 13.0;
				MTL_ENABLE_DEBUG_INFO = NO;
				MTL_FAST_MATH = YES;
				SDKROOT = iphoneos;
				VALIDATE_PRODUCT = YES;
			};
			name = Release;
		};
		C159D06123F502D500325E54 /* Debug */ = {
			isa = XCBuildConfiguration;
			buildSettings = {
				ASSETCATALOG_COMPILER_APPICON_NAME = AppIcon;
				CODE_SIGN_STYLE = Automatic;
				DEVELOPMENT_TEAM = 99TSRQ7KHH;
				INFOPLIST_FILE = MyFirstProj/Info.plist;
				LD_RUNPATH_SEARCH_PATHS = (
					"$(inherited)",
					"@executable_path/Frameworks",
				);
				PRODUCT_BUNDLE_IDENTIFIER = com.gt.MyFirstProj;
				PRODUCT_NAME = "$(TARGET_NAME)";
				TARGETED_DEVICE_FAMILY = "1,2";
			};
			name = Debug;
		};
		C159D06223F502D500325E54 /* Release */ = {
			isa = XCBuildConfiguration;
			buildSettings = {
				ASSETCATALOG_COMPILER_APPICON_NAME = AppIcon;
				CODE_SIGN_STYLE = Automatic;
				DEVELOPMENT_TEAM = 99TSRQ7KHH;
				INFOPLIST_FILE = MyFirstProj/Info.plist;
				LD_RUNPATH_SEARCH_PATHS = (
					"$(inherited)",
					"@executable_path/Frameworks",
				);
				PRODUCT_BUNDLE_IDENTIFIER = com.gt.MyFirstProj;
				PRODUCT_NAME = "$(TARGET_NAME)";
				TARGETED_DEVICE_FAMILY = "1,2";
			};
			name = Release;
		};
		C159D06423F502D500325E54 /* Debug */ = {
			isa = XCBuildConfiguration;
			buildSettings = {
				BUNDLE_LOADER = "$(TEST_HOST)";
				CODE_SIGN_STYLE = Automatic;
				DEVELOPMENT_TEAM = 99TSRQ7KHH;
				INFOPLIST_FILE = MyFirstProjTests/Info.plist;
				IPHONEOS_DEPLOYMENT_TARGET = 13.0;
				LD_RUNPATH_SEARCH_PATHS = (
					"$(inherited)",
					"@executable_path/Frameworks",
					"@loader_path/Frameworks",
				);
				PRODUCT_BUNDLE_IDENTIFIER = com.gt.MyFirstProjTests;
				PRODUCT_NAME = "$(TARGET_NAME)";
				TARGETED_DEVICE_FAMILY = "1,2";
				TEST_HOST = "$(BUILT_PRODUCTS_DIR)/MyFirstProj.app/MyFirstProj";
			};
			name = Debug;
		};
		C159D06523F502D500325E54 /* Release */ = {
			isa = XCBuildConfiguration;
			buildSettings = {
				BUNDLE_LOADER = "$(TEST_HOST)";
				CODE_SIGN_STYLE = Automatic;
				DEVELOPMENT_TEAM = 99TSRQ7KHH;
				INFOPLIST_FILE = MyFirstProjTests/Info.plist;
				IPHONEOS_DEPLOYMENT_TARGET = 13.0;
				LD_RUNPATH_SEARCH_PATHS = (
					"$(inherited)",
					"@executable_path/Frameworks",
					"@loader_path/Frameworks",
				);
				PRODUCT_BUNDLE_IDENTIFIER = com.gt.MyFirstProjTests;
				PRODUCT_NAME = "$(TARGET_NAME)";
				TARGETED_DEVICE_FAMILY = "1,2";
				TEST_HOST = "$(BUILT_PRODUCTS_DIR)/MyFirstProj.app/MyFirstProj";
			};
			name = Release;
		};
		C159D06723F502D500325E54 /* Debug */ = {
			isa = XCBuildConfiguration;
			buildSettings = {
				CODE_SIGN_STYLE = Automatic;
				DEVELOPMENT_TEAM = 99TSRQ7KHH;
				INFOPLIST_FILE = MyFirstProjUITests/Info.plist;
				LD_RUNPATH_SEARCH_PATHS = (
					"$(inherited)",
					"@executable_path/Frameworks",
					"@loader_path/Frameworks",
				);
				PRODUCT_BUNDLE_IDENTIFIER = com.gt.MyFirstProjUITests;
				PRODUCT_NAME = "$(TARGET_NAME)";
				TARGETED_DEVICE_FAMILY = "1,2";
				TEST_TARGET_NAME = MyFirstProj;
			};
			name = Debug;
		};
		C159D06823F502D500325E54 /* Release */ = {
			isa = XCBuildConfiguration;
			buildSettings = {
				CODE_SIGN_STYLE = Automatic;
				DEVELOPMENT_TEAM = 99TSRQ7KHH;
				INFOPLIST_FILE = MyFirstProjUITests/Info.plist;
				LD_RUNPATH_SEARCH_PATHS = (
					"$(inherited)",
					"@executable_path/Frameworks",
					"@loader_path/Frameworks",
				);
				PRODUCT_BUNDLE_IDENTIFIER = com.gt.MyFirstProjUITests;
				PRODUCT_NAME = "$(TARGET_NAME)";
				TARGETED_DEVICE_FAMILY = "1,2";
				TEST_TARGET_NAME = MyFirstProj;
			};
			name = Release;
		};
/* End XCBuildConfiguration section */

/* Begin XCConfigurationList section */
		C159D02C23F502D400325E54 /* Build configuration list for PBXProject "MyFirstProj" */ = {
			isa = XCConfigurationList;
			buildConfigurations = (
				C159D05E23F502D500325E54 /* Debug */,
				C159D05F23F502D500325E54 /* Release */,
			);
			defaultConfigurationIsVisible = 0;
			defaultConfigurationName = Release;
		};
		C159D06023F502D500325E54 /* Build configuration list for PBXNativeTarget "MyFirstProj" */ = {
			isa = XCConfigurationList;
			buildConfigurations = (
				C159D06123F502D500325E54 /* Debug */,
				C159D06223F502D500325E54 /* Release */,
			);
			defaultConfigurationIsVisible = 0;
			defaultConfigurationName = Release;
		};
		C159D06323F502D500325E54 /* Build configuration list for PBXNativeTarget "MyFirstProjTests" */ = {
			isa = XCConfigurationList;
			buildConfigurations = (
				C159D06423F502D500325E54 /* Debug */,
				C159D06523F502D500325E54 /* Release */,
			);
			defaultConfigurationIsVisible = 0;
			defaultConfigurationName = Release;
		};
		C159D06623F502D500325E54 /* Build configuration list for PBXNativeTarget "MyFirstProjUITests" */ = {
			isa = XCConfigurationList;
			buildConfigurations = (
				C159D06723F502D500325E54 /* Debug */,
				C159D06823F502D500325E54 /* Release */,
			);
			defaultConfigurationIsVisible = 0;
			defaultConfigurationName = Release;
		};
/* End XCConfigurationList section */
	};
	rootObject = C159D02923F502D400325E54 /* Project object */;
}
